{
  "name": "docs",
  "lockfileVersion": 2,
  "requires": true,
  "packages": {
    "": {
      "dependencies": {
        "vitepress": "^0.21.6"
      }
    },
    "node_modules/@algolia/autocomplete-core": {
      "version": "1.5.2",
      "license": "MIT",
      "dependencies": {
        "@algolia/autocomplete-shared": "1.5.2"
      }
    },
    "node_modules/@algolia/autocomplete-preset-algolia": {
      "version": "1.5.2",
      "license": "MIT",
      "dependencies": {
        "@algolia/autocomplete-shared": "1.5.2"
      },
      "peerDependencies": {
        "@algolia/client-search": "^4.9.1",
        "algoliasearch": "^4.9.1"
      }
    },
    "node_modules/@algolia/autocomplete-shared": {
      "version": "1.5.2",
      "license": "MIT"
    },
    "node_modules/@algolia/cache-browser-local-storage": {
      "version": "4.12.1",
      "license": "MIT",
      "dependencies": {
        "@algolia/cache-common": "4.12.1"
      }
    },
    "node_modules/@algolia/cache-common": {
      "version": "4.12.1",
      "license": "MIT"
    },
    "node_modules/@algolia/cache-in-memory": {
      "version": "4.12.1",
      "license": "MIT",
      "dependencies": {
        "@algolia/cache-common": "4.12.1"
      }
    },
    "node_modules/@algolia/client-account": {
      "version": "4.12.1",
      "license": "MIT",
      "dependencies": {
        "@algolia/client-common": "4.12.1",
        "@algolia/client-search": "4.12.1",
        "@algolia/transporter": "4.12.1"
      }
    },
    "node_modules/@algolia/client-analytics": {
      "version": "4.12.1",
      "license": "MIT",
      "dependencies": {
        "@algolia/client-common": "4.12.1",
        "@algolia/client-search": "4.12.1",
        "@algolia/requester-common": "4.12.1",
        "@algolia/transporter": "4.12.1"
      }
    },
    "node_modules/@algolia/client-common": {
      "version": "4.12.1",
      "license": "MIT",
      "dependencies": {
        "@algolia/requester-common": "4.12.1",
        "@algolia/transporter": "4.12.1"
      }
    },
    "node_modules/@algolia/client-personalization": {
      "version": "4.12.1",
      "license": "MIT",
      "dependencies": {
        "@algolia/client-common": "4.12.1",
        "@algolia/requester-common": "4.12.1",
        "@algolia/transporter": "4.12.1"
      }
    },
    "node_modules/@algolia/client-search": {
      "version": "4.12.1",
      "license": "MIT",
      "dependencies": {
        "@algolia/client-common": "4.12.1",
        "@algolia/requester-common": "4.12.1",
        "@algolia/transporter": "4.12.1"
      }
    },
    "node_modules/@algolia/logger-common": {
      "version": "4.12.1",
      "license": "MIT"
    },
    "node_modules/@algolia/logger-console": {
      "version": "4.12.1",
      "license": "MIT",
      "dependencies": {
        "@algolia/logger-common": "4.12.1"
      }
    },
    "node_modules/@algolia/requester-browser-xhr": {
      "version": "4.12.1",
      "license": "MIT",
      "dependencies": {
        "@algolia/requester-common": "4.12.1"
      }
    },
    "node_modules/@algolia/requester-common": {
      "version": "4.12.1",
      "license": "MIT"
    },
    "node_modules/@algolia/requester-node-http": {
      "version": "4.12.1",
      "license": "MIT",
      "dependencies": {
        "@algolia/requester-common": "4.12.1"
      }
    },
    "node_modules/@algolia/transporter": {
      "version": "4.12.1",
      "license": "MIT",
      "dependencies": {
        "@algolia/cache-common": "4.12.1",
        "@algolia/logger-common": "4.12.1",
        "@algolia/requester-common": "4.12.1"
      }
    },
    "node_modules/@babel/parser": {
      "version": "7.17.0",
      "license": "MIT",
      "bin": {
        "parser": "bin/babel-parser.js"
      },
      "engines": {
        "node": ">=6.0.0"
      }
    },
    "node_modules/@docsearch/css": {
      "version": "3.0.0-alpha.50",
      "license": "MIT"
    },
    "node_modules/@docsearch/js": {
      "version": "3.0.0-alpha.50",
      "license": "MIT",
      "dependencies": {
        "@docsearch/react": "3.0.0-alpha.50",
        "preact": "^10.0.0"
      }
    },
    "node_modules/@docsearch/react": {
      "version": "3.0.0-alpha.50",
      "license": "MIT",
      "dependencies": {
        "@algolia/autocomplete-core": "1.5.2",
        "@algolia/autocomplete-preset-algolia": "1.5.2",
        "@docsearch/css": "3.0.0-alpha.50",
        "algoliasearch": "^4.0.0"
      },
      "peerDependencies": {
        "@types/react": ">= 16.8.0 < 18.0.0",
        "react": ">= 16.8.0 < 18.0.0",
        "react-dom": ">= 16.8.0 < 18.0.0"
      }
    },
    "node_modules/@types/prop-types": {
      "version": "15.7.4",
      "license": "MIT",
      "peer": true
    },
    "node_modules/@types/react": {
      "version": "17.0.39",
      "license": "MIT",
      "peer": true,
      "dependencies": {
        "@types/prop-types": "*",
        "@types/scheduler": "*",
        "csstype": "^3.0.2"
      }
    },
    "node_modules/@types/scheduler": {
      "version": "0.16.2",
      "license": "MIT",
      "peer": true
    },
    "node_modules/@vitejs/plugin-vue": {
      "version": "2.2.0",
      "license": "MIT",
      "engines": {
        "node": ">=12.0.0"
      },
      "peerDependencies": {
        "vite": "^2.5.10",
        "vue": "^3.2.25"
      }
    },
    "node_modules/@vue/compiler-core": {
      "version": "3.2.30",
      "license": "MIT",
      "dependencies": {
        "@babel/parser": "^7.16.4",
        "@vue/shared": "3.2.30",
        "estree-walker": "^2.0.2",
        "source-map": "^0.6.1"
      }
    },
    "node_modules/@vue/compiler-dom": {
      "version": "3.2.30",
      "license": "MIT",
      "dependencies": {
        "@vue/compiler-core": "3.2.30",
        "@vue/shared": "3.2.30"
      }
    },
    "node_modules/@vue/compiler-sfc": {
      "version": "3.2.30",
      "license": "MIT",
      "dependencies": {
        "@babel/parser": "^7.16.4",
        "@vue/compiler-core": "3.2.30",
        "@vue/compiler-dom": "3.2.30",
        "@vue/compiler-ssr": "3.2.30",
        "@vue/reactivity-transform": "3.2.30",
        "@vue/shared": "3.2.30",
        "estree-walker": "^2.0.2",
        "magic-string": "^0.25.7",
        "postcss": "^8.1.10",
        "source-map": "^0.6.1"
      }
    },
    "node_modules/@vue/compiler-ssr": {
      "version": "3.2.30",
      "license": "MIT",
      "dependencies": {
        "@vue/compiler-dom": "3.2.30",
        "@vue/shared": "3.2.30"
      }
    },
    "node_modules/@vue/reactivity": {
      "version": "3.2.30",
      "license": "MIT",
      "dependencies": {
        "@vue/shared": "3.2.30"
      }
    },
    "node_modules/@vue/reactivity-transform": {
      "version": "3.2.30",
      "license": "MIT",
      "dependencies": {
        "@babel/parser": "^7.16.4",
        "@vue/compiler-core": "3.2.30",
        "@vue/shared": "3.2.30",
        "estree-walker": "^2.0.2",
        "magic-string": "^0.25.7"
      }
    },
    "node_modules/@vue/runtime-core": {
      "version": "3.2.30",
      "license": "MIT",
      "dependencies": {
        "@vue/reactivity": "3.2.30",
        "@vue/shared": "3.2.30"
      }
    },
    "node_modules/@vue/runtime-dom": {
      "version": "3.2.30",
      "license": "MIT",
      "dependencies": {
        "@vue/runtime-core": "3.2.30",
        "@vue/shared": "3.2.30",
        "csstype": "^2.6.8"
      }
    },
    "node_modules/@vue/runtime-dom/node_modules/csstype": {
      "version": "2.6.19",
      "license": "MIT"
    },
    "node_modules/@vue/server-renderer": {
      "version": "3.2.30",
      "license": "MIT",
      "dependencies": {
        "@vue/compiler-ssr": "3.2.30",
        "@vue/shared": "3.2.30"
      },
      "peerDependencies": {
        "vue": "3.2.30"
      }
    },
    "node_modules/@vue/shared": {
      "version": "3.2.30",
      "license": "MIT"
    },
    "node_modules/algoliasearch": {
      "version": "4.12.1",
      "license": "MIT",
      "dependencies": {
        "@algolia/cache-browser-local-storage": "4.12.1",
        "@algolia/cache-common": "4.12.1",
        "@algolia/cache-in-memory": "4.12.1",
        "@algolia/client-account": "4.12.1",
        "@algolia/client-analytics": "4.12.1",
        "@algolia/client-common": "4.12.1",
        "@algolia/client-personalization": "4.12.1",
        "@algolia/client-search": "4.12.1",
        "@algolia/logger-common": "4.12.1",
        "@algolia/logger-console": "4.12.1",
        "@algolia/requester-browser-xhr": "4.12.1",
        "@algolia/requester-common": "4.12.1",
        "@algolia/requester-node-http": "4.12.1",
        "@algolia/transporter": "4.12.1"
      }
    },
    "node_modules/csstype": {
      "version": "3.0.10",
      "license": "MIT",
      "peer": true
    },
    "node_modules/esbuild": {
      "version": "0.14.21",
      "hasInstallScript": true,
      "license": "MIT",
      "bin": {
        "esbuild": "bin/esbuild"
      },
      "engines": {
        "node": ">=12"
      },
      "optionalDependencies": {
        "esbuild-android-arm64": "0.14.21",
        "esbuild-darwin-64": "0.14.21",
        "esbuild-darwin-arm64": "0.14.21",
        "esbuild-freebsd-64": "0.14.21",
        "esbuild-freebsd-arm64": "0.14.21",
        "esbuild-linux-32": "0.14.21",
        "esbuild-linux-64": "0.14.21",
        "esbuild-linux-arm": "0.14.21",
        "esbuild-linux-arm64": "0.14.21",
        "esbuild-linux-mips64le": "0.14.21",
        "esbuild-linux-ppc64le": "0.14.21",
        "esbuild-linux-riscv64": "0.14.21",
        "esbuild-linux-s390x": "0.14.21",
        "esbuild-netbsd-64": "0.14.21",
        "esbuild-openbsd-64": "0.14.21",
        "esbuild-sunos-64": "0.14.21",
        "esbuild-windows-32": "0.14.21",
        "esbuild-windows-64": "0.14.21",
        "esbuild-windows-arm64": "0.14.21"
      }
    },
    "node_modules/esbuild-darwin-64": {
      "version": "0.14.21",
      "cpu": [
        "x64"
      ],
      "license": "MIT",
      "optional": true,
      "os": [
        "darwin"
      ],
      "engines": {
        "node": ">=12"
      }
    },
    "node_modules/estree-walker": {
      "version": "2.0.2",
      "license": "MIT"
    },
    "node_modules/fsevents": {
      "version": "2.3.2",
      "license": "MIT",
      "optional": true,
      "os": [
        "darwin"
      ],
      "engines": {
        "node": "^8.16.0 || ^10.6.0 || >=11.0.0"
      }
    },
    "node_modules/function-bind": {
      "version": "1.1.1",
      "license": "MIT"
    },
    "node_modules/has": {
      "version": "1.0.3",
      "license": "MIT",
      "dependencies": {
        "function-bind": "^1.1.1"
      },
      "engines": {
        "node": ">= 0.4.0"
      }
    },
    "node_modules/is-core-module": {
      "version": "2.8.1",
      "license": "MIT",
      "dependencies": {
        "has": "^1.0.3"
      },
      "funding": {
        "url": "https://github.com/sponsors/ljharb"
      }
    },
    "node_modules/js-tokens": {
      "version": "4.0.0",
      "license": "MIT",
      "peer": true
    },
    "node_modules/loose-envify": {
      "version": "1.4.0",
      "license": "MIT",
      "peer": true,
      "dependencies": {
        "js-tokens": "^3.0.0 || ^4.0.0"
      },
      "bin": {
        "loose-envify": "cli.js"
      }
    },
    "node_modules/magic-string": {
      "version": "0.25.7",
      "license": "MIT",
      "dependencies": {
        "sourcemap-codec": "^1.4.4"
      }
    },
    "node_modules/nanoid": {
      "version": "3.2.0",
      "license": "MIT",
      "bin": {
        "nanoid": "bin/nanoid.cjs"
      },
      "engines": {
        "node": "^10 || ^12 || ^13.7 || ^14 || >=15.0.1"
      }
    },
    "node_modules/object-assign": {
      "version": "4.1.1",
      "license": "MIT",
      "peer": true,
      "engines": {
        "node": ">=0.10.0"
      }
    },
    "node_modules/path-parse": {
      "version": "1.0.7",
      "license": "MIT"
    },
    "node_modules/picocolors": {
      "version": "1.0.0",
      "license": "ISC"
    },
    "node_modules/postcss": {
      "version": "8.4.6",
      "license": "MIT",
      "dependencies": {
        "nanoid": "^3.2.0",
        "picocolors": "^1.0.0",
        "source-map-js": "^1.0.2"
      },
      "engines": {
        "node": "^10 || ^12 || >=14"
      },
      "funding": {
        "type": "opencollective",
        "url": "https://opencollective.com/postcss/"
      }
    },
    "node_modules/preact": {
      "version": "10.6.5",
      "license": "MIT",
      "funding": {
        "type": "opencollective",
        "url": "https://opencollective.com/preact"
      }
    },
    "node_modules/prismjs": {
      "version": "1.26.0",
      "license": "MIT",
      "engines": {
        "node": ">=6"
      }
    },
    "node_modules/react": {
      "version": "17.0.2",
      "license": "MIT",
      "peer": true,
      "dependencies": {
        "loose-envify": "^1.1.0",
        "object-assign": "^4.1.1"
      },
      "engines": {
        "node": ">=0.10.0"
      }
    },
    "node_modules/react-dom": {
      "version": "17.0.2",
      "license": "MIT",
      "peer": true,
      "dependencies": {
        "loose-envify": "^1.1.0",
        "object-assign": "^4.1.1",
        "scheduler": "^0.20.2"
      },
      "peerDependencies": {
        "react": "17.0.2"
      }
    },
    "node_modules/resolve": {
      "version": "1.22.0",
      "license": "MIT",
      "dependencies": {
        "is-core-module": "^2.8.1",
        "path-parse": "^1.0.7",
        "supports-preserve-symlinks-flag": "^1.0.0"
      },
      "bin": {
        "resolve": "bin/resolve"
      },
      "funding": {
        "url": "https://github.com/sponsors/ljharb"
      }
    },
    "node_modules/rollup": {
      "version": "2.67.1",
      "license": "MIT",
      "bin": {
        "rollup": "dist/bin/rollup"
      },
      "engines": {
        "node": ">=10.0.0"
      },
      "optionalDependencies": {
        "fsevents": "~2.3.2"
      }
    },
    "node_modules/scheduler": {
      "version": "0.20.2",
      "license": "MIT",
      "peer": true,
      "dependencies": {
        "loose-envify": "^1.1.0",
        "object-assign": "^4.1.1"
      }
    },
    "node_modules/source-map": {
      "version": "0.6.1",
      "license": "BSD-3-Clause",
      "engines": {
        "node": ">=0.10.0"
      }
    },
    "node_modules/source-map-js": {
      "version": "1.0.2",
      "license": "BSD-3-Clause",
      "engines": {
        "node": ">=0.10.0"
      }
    },
    "node_modules/sourcemap-codec": {
      "version": "1.4.8",
      "license": "MIT"
    },
    "node_modules/supports-preserve-symlinks-flag": {
      "version": "1.0.0",
      "license": "MIT",
      "engines": {
        "node": ">= 0.4"
      },
      "funding": {
        "url": "https://github.com/sponsors/ljharb"
      }
    },
    "node_modules/vite": {
      "version": "2.8.0",
      "license": "MIT",
      "dependencies": {
        "esbuild": "^0.14.14",
        "postcss": "^8.4.5",
        "resolve": "^1.22.0",
        "rollup": "^2.59.0"
      },
      "bin": {
        "vite": "bin/vite.js"
      },
      "engines": {
        "node": ">=12.2.0"
      },
      "optionalDependencies": {
        "fsevents": "~2.3.2"
      },
      "peerDependencies": {
        "less": "*",
        "sass": "*",
        "stylus": "*"
      },
      "peerDependenciesMeta": {
        "less": {
          "optional": true
        },
        "sass": {
          "optional": true
        },
        "stylus": {
          "optional": true
        }
      }
    },
    "node_modules/vitepress": {
      "version": "0.21.6",
      "license": "MIT",
      "dependencies": {
        "@docsearch/css": "^3.0.0-alpha.41",
        "@docsearch/js": "^3.0.0-alpha.41",
        "@vitejs/plugin-vue": "^2.0.0",
        "prismjs": "^1.25.0",
        "vite": "^2.7.12",
        "vue": "^3.2.27"
      },
      "bin": {
        "vitepress": "bin/vitepress.js"
      },
      "engines": {
        "node": ">=12.0.0"
      }
    },
    "node_modules/vue": {
      "version": "3.2.30",
      "license": "MIT",
      "dependencies": {
        "@vue/compiler-dom": "3.2.30",
        "@vue/compiler-sfc": "3.2.30",
        "@vue/runtime-dom": "3.2.30",
        "@vue/server-renderer": "3.2.30",
        "@vue/shared": "3.2.30"
      }
    }
  },
  "dependencies": {
    "@algolia/autocomplete-core": {
      "version": "1.5.2",
      "requires": {
        "@algolia/autocomplete-shared": "1.5.2"
      }
    },
    "@algolia/autocomplete-preset-algolia": {
      "version": "1.5.2",
      "requires": {
        "@algolia/autocomplete-shared": "1.5.2"
      }
    },
    "@algolia/autocomplete-shared": {
      "version": "1.5.2"
    },
    "@algolia/cache-browser-local-storage": {
      "version": "4.12.1",
      "requires": {
        "@algolia/cache-common": "4.12.1"
      }
    },
    "@algolia/cache-common": {
      "version": "4.12.1"
    },
    "@algolia/cache-in-memory": {
      "version": "4.12.1",
      "requires": {
        "@algolia/cache-common": "4.12.1"
      }
    },
    "@algolia/client-account": {
      "version": "4.12.1",
      "requires": {
        "@algolia/client-common": "4.12.1",
        "@algolia/client-search": "4.12.1",
        "@algolia/transporter": "4.12.1"
      }
    },
    "@algolia/client-analytics": {
      "version": "4.12.1",
      "requires": {
        "@algolia/client-common": "4.12.1",
        "@algolia/client-search": "4.12.1",
        "@algolia/requester-common": "4.12.1",
        "@algolia/transporter": "4.12.1"
      }
    },
    "@algolia/client-common": {
      "version": "4.12.1",
      "requires": {
        "@algolia/requester-common": "4.12.1",
        "@algolia/transporter": "4.12.1"
      }
    },
    "@algolia/client-personalization": {
      "version": "4.12.1",
      "requires": {
        "@algolia/client-common": "4.12.1",
        "@algolia/requester-common": "4.12.1",
        "@algolia/transporter": "4.12.1"
      }
    },
    "@algolia/client-search": {
      "version": "4.12.1",
      "requires": {
        "@algolia/client-common": "4.12.1",
        "@algolia/requester-common": "4.12.1",
        "@algolia/transporter": "4.12.1"
      }
    },
    "@algolia/logger-common": {
      "version": "4.12.1"
    },
    "@algolia/logger-console": {
      "version": "4.12.1",
      "requires": {
        "@algolia/logger-common": "4.12.1"
      }
    },
    "@algolia/requester-browser-xhr": {
      "version": "4.12.1",
      "requires": {
        "@algolia/requester-common": "4.12.1"
      }
    },
    "@algolia/requester-common": {
      "version": "4.12.1"
    },
    "@algolia/requester-node-http": {
      "version": "4.12.1",
      "requires": {
        "@algolia/requester-common": "4.12.1"
      }
    },
    "@algolia/transporter": {
      "version": "4.12.1",
      "requires": {
        "@algolia/cache-common": "4.12.1",
        "@algolia/logger-common": "4.12.1",
        "@algolia/requester-common": "4.12.1"
      }
    },
    "@babel/parser": {
      "version": "7.17.0"
    },
    "@docsearch/css": {
      "version": "3.0.0-alpha.50"
    },
    "@docsearch/js": {
      "version": "3.0.0-alpha.50",
      "requires": {
        "@docsearch/react": "3.0.0-alpha.50",
        "preact": "^10.0.0"
      }
    },
    "@docsearch/react": {
      "version": "3.0.0-alpha.50",
      "requires": {
        "@algolia/autocomplete-core": "1.5.2",
        "@algolia/autocomplete-preset-algolia": "1.5.2",
        "@docsearch/css": "3.0.0-alpha.50",
        "algoliasearch": "^4.0.0"
      }
    },
    "@types/prop-types": {
      "version": "15.7.4",
      "peer": true
    },
    "@types/react": {
      "version": "17.0.39",
      "peer": true,
      "requires": {
        "@types/prop-types": "*",
        "@types/scheduler": "*",
        "csstype": "^3.0.2"
      }
    },
    "@types/scheduler": {
      "version": "0.16.2",
      "peer": true
    },
    "@vitejs/plugin-vue": {
      "version": "2.2.0",
      "requires": {}
    },
    "@vue/compiler-core": {
      "version": "3.2.30",
      "requires": {
        "@babel/parser": "^7.16.4",
        "@vue/shared": "3.2.30",
        "estree-walker": "^2.0.2",
        "source-map": "^0.6.1"
      }
    },
    "@vue/compiler-dom": {
      "version": "3.2.30",
      "requires": {
        "@vue/compiler-core": "3.2.30",
        "@vue/shared": "3.2.30"
      }
    },
    "@vue/compiler-sfc": {
      "version": "3.2.30",
      "requires": {
        "@babel/parser": "^7.16.4",
        "@vue/compiler-core": "3.2.30",
        "@vue/compiler-dom": "3.2.30",
        "@vue/compiler-ssr": "3.2.30",
        "@vue/reactivity-transform": "3.2.30",
        "@vue/shared": "3.2.30",
        "estree-walker": "^2.0.2",
        "magic-string": "^0.25.7",
        "postcss": "^8.1.10",
        "source-map": "^0.6.1"
      }
    },
    "@vue/compiler-ssr": {
      "version": "3.2.30",
      "requires": {
        "@vue/compiler-dom": "3.2.30",
        "@vue/shared": "3.2.30"
      }
    },
    "@vue/reactivity": {
      "version": "3.2.30",
      "requires": {
        "@vue/shared": "3.2.30"
      }
    },
    "@vue/reactivity-transform": {
      "version": "3.2.30",
      "requires": {
        "@babel/parser": "^7.16.4",
        "@vue/compiler-core": "3.2.30",
        "@vue/shared": "3.2.30",
        "estree-walker": "^2.0.2",
        "magic-string": "^0.25.7"
      }
    },
    "@vue/runtime-core": {
      "version": "3.2.30",
      "requires": {
        "@vue/reactivity": "3.2.30",
        "@vue/shared": "3.2.30"
      }
    },
    "@vue/runtime-dom": {
      "version": "3.2.30",
      "requires": {
        "@vue/runtime-core": "3.2.30",
        "@vue/shared": "3.2.30",
        "csstype": "^2.6.8"
      },
      "dependencies": {
        "csstype": {
          "version": "2.6.19"
        }
      }
    },
    "@vue/server-renderer": {
      "version": "3.2.30",
      "requires": {
        "@vue/compiler-ssr": "3.2.30",
        "@vue/shared": "3.2.30"
      }
    },
    "@vue/shared": {
      "version": "3.2.30"
    },
    "algoliasearch": {
      "version": "4.12.1",
      "requires": {
        "@algolia/cache-browser-local-storage": "4.12.1",
        "@algolia/cache-common": "4.12.1",
        "@algolia/cache-in-memory": "4.12.1",
        "@algolia/client-account": "4.12.1",
        "@algolia/client-analytics": "4.12.1",
        "@algolia/client-common": "4.12.1",
        "@algolia/client-personalization": "4.12.1",
        "@algolia/client-search": "4.12.1",
        "@algolia/logger-common": "4.12.1",
        "@algolia/logger-console": "4.12.1",
        "@algolia/requester-browser-xhr": "4.12.1",
        "@algolia/requester-common": "4.12.1",
        "@algolia/requester-node-http": "4.12.1",
        "@algolia/transporter": "4.12.1"
      }
    },
    "csstype": {
      "version": "3.0.10",
      "peer": true
    },
    "esbuild": {
      "version": "0.14.21",
      "requires": {
        "esbuild-android-arm64": "0.14.21",
        "esbuild-darwin-64": "0.14.21",
        "esbuild-darwin-arm64": "0.14.21",
        "esbuild-freebsd-64": "0.14.21",
        "esbuild-freebsd-arm64": "0.14.21",
        "esbuild-linux-32": "0.14.21",
        "esbuild-linux-64": "0.14.21",
        "esbuild-linux-arm": "0.14.21",
        "esbuild-linux-arm64": "0.14.21",
        "esbuild-linux-mips64le": "0.14.21",
        "esbuild-linux-ppc64le": "0.14.21",
        "esbuild-linux-riscv64": "0.14.21",
        "esbuild-linux-s390x": "0.14.21",
        "esbuild-netbsd-64": "0.14.21",
        "esbuild-openbsd-64": "0.14.21",
        "esbuild-sunos-64": "0.14.21",
        "esbuild-windows-32": "0.14.21",
        "esbuild-windows-64": "0.14.21",
        "esbuild-windows-arm64": "0.14.21"
      }
    },
    "esbuild-darwin-64": {
      "version": "0.14.21",
      "optional": true
    },
    "estree-walker": {
      "version": "2.0.2"
    },
    "fsevents": {
      "version": "2.3.2",
      "optional": true
    },
    "function-bind": {
      "version": "1.1.1"
    },
    "has": {
      "version": "1.0.3",
      "requires": {
        "function-bind": "^1.1.1"
      }
    },
    "is-core-module": {
      "version": "2.8.1",
      "requires": {
        "has": "^1.0.3"
      }
    },
    "js-tokens": {
      "version": "4.0.0",
      "peer": true
    },
    "loose-envify": {
      "version": "1.4.0",
      "peer": true,
      "requires": {
        "js-tokens": "^3.0.0 || ^4.0.0"
      }
    },
    "magic-string": {
      "version": "0.25.7",
      "requires": {
        "sourcemap-codec": "^1.4.4"
      }
    },
    "nanoid": {
      "version": "3.2.0"
    },
    "object-assign": {
      "version": "4.1.1",
      "peer": true
    },
    "path-parse": {
      "version": "1.0.7"
    },
    "picocolors": {
      "version": "1.0.0"
    },
    "postcss": {
      "version": "8.4.6",
      "requires": {
        "nanoid": "^3.2.0",
        "picocolors": "^1.0.0",
        "source-map-js": "^1.0.2"
      }
    },
    "preact": {
      "version": "10.6.5"
    },
    "prismjs": {
      "version": "1.26.0"
    },
    "react": {
      "version": "17.0.2",
      "peer": true,
      "requires": {
        "loose-envify": "^1.1.0",
        "object-assign": "^4.1.1"
      }
    },
    "react-dom": {
      "version": "17.0.2",
      "peer": true,
      "requires": {
        "loose-envify": "^1.1.0",
        "object-assign": "^4.1.1",
        "scheduler": "^0.20.2"
      }
    },
    "resolve": {
      "version": "1.22.0",
      "requires": {
        "is-core-module": "^2.8.1",
        "path-parse": "^1.0.7",
        "supports-preserve-symlinks-flag": "^1.0.0"
      }
    },
    "rollup": {
      "version": "2.67.1",
      "requires": {
        "fsevents": "~2.3.2"
      }
    },
    "scheduler": {
      "version": "0.20.2",
      "peer": true,
      "requires": {
        "loose-envify": "^1.1.0",
        "object-assign": "^4.1.1"
      }
    },
    "source-map": {
      "version": "0.6.1"
    },
    "source-map-js": {
      "version": "1.0.2"
    },
    "sourcemap-codec": {
      "version": "1.4.8"
    },
    "supports-preserve-symlinks-flag": {
      "version": "1.0.0"
    },
    "vite": {
      "version": "2.8.0",
      "requires": {
        "esbuild": "^0.14.14",
        "fsevents": "~2.3.2",
        "postcss": "^8.4.5",
        "resolve": "^1.22.0",
        "rollup": "^2.59.0"
      }
    },
    "vitepress": {
      "version": "0.21.6",
      "requires": {
        "@docsearch/css": "^3.0.0-alpha.41",
        "@docsearch/js": "^3.0.0-alpha.41",
        "@vitejs/plugin-vue": "^2.0.0",
        "prismjs": "^1.25.0",
        "vite": "^2.7.12",
        "vue": "^3.2.27"
      }
    },
    "vue": {
      "version": "3.2.30",
      "requires": {
        "@vue/compiler-dom": "3.2.30",
        "@vue/compiler-sfc": "3.2.30",
        "@vue/runtime-dom": "3.2.30",
        "@vue/server-renderer": "3.2.30",
        "@vue/shared": "3.2.30"
      }
    }
  }
}
